
Microsoft Visual Studio Solution File, Format Version 12.00
# Visual Studio 15
VisualStudioVersion = 15.0.26730.10
MinimumVisualStudioVersion = 10.0.40219.1
Project("{FAE04EC0-301F-11D3-BF4B-00C04F79EFBC}") = "Pendulo_Simples", "Pendulo_Simples\Pendulo_Simples.csproj", "{67154F97-B637-4047-B56C-2C179ED7851F}"
EndProject
Global
	GlobalSection(SolutionConfigurationPlatforms) = preSolution
		Debug|Any CPU = Debug|Any CPU
		Release|Any CPU = Release|Any CPU
	EndGlobalSection
	GlobalSection(ProjectConfigurationPlatforms) = postSolution
		{67154F97-B637-4047-B56C-2C179ED7851F}.Debug|Any CPU.ActiveCfg = Debug|Any CPU
		{67154F97-B637-4047-B56C-2C179ED7851F}.Debug|Any CPU.Build.0 = Debug|Any CPU
		{67154F97-B637-4047-B56C-2C179ED7851F}.Release|Any CPU.ActiveCfg = Release|Any CPU
		{67154F97-B637-4047-B56C-2C179ED7851F}.Release|Any CPU.Build.0 = Release|Any CPU
	EndGlobalSection
	GlobalSection(SolutionProperties) = preSolution
		HideSolutionNode = FALSE
	EndGlobalSection
	GlobalSection(ExtensibilityGlobals) = postSolution
		SolutionGuid = {E4640CD4-FC2F-4B48-971C-41276CA49FEC}
	EndGlobalSection
EndGlobal
